
Microsoft Visual Studio Solution File, Format Version 12.00
# Visual Studio Version 17
VisualStudioVersion = 17.3.32825.248
MinimumVisualStudioVersion = 10.0.40219.1
Project("{FAE04EC0-301F-11D3-BF4B-00C04F79EFBC}") = "ks", "ks\ks.csproj", "{95EBFD78-B760-4920-9058-3EB5BE22FBB3}"
EndProject
Global
	GlobalSection(SolutionConfigurationPlatforms) = preSolution
		Debug|Any CPU = Debug|Any CPU
		Release|Any CPU = Release|Any CPU
	EndGlobalSection
	GlobalSection(ProjectConfigurationPlatforms) = postSolution
		{95EBFD78-B760-4920-9058-3EB5BE22FBB3}.Debug|Any CPU.ActiveCfg = Debug|Any CPU
		{95EBFD78-B760-4920-9058-3EB5BE22FBB3}.Debug|Any CPU.Build.0 = Debug|Any CPU
		{95EBFD78-B760-4920-9058-3EB5BE22FBB3}.Release|Any CPU.ActiveCfg = Release|Any CPU
		{95EBFD78-B760-4920-9058-3EB5BE22FBB3}.Release|Any CPU.Build.0 = Release|Any CPU
	EndGlobalSection
	GlobalSection(SolutionProperties) = preSolution
		HideSolutionNode = FALSE
	EndGlobalSection
	GlobalSection(ExtensibilityGlobals) = postSolution
		SolutionGuid = {1E3141C9-266A-4780-AA82-4F9981605FB7}
	EndGlobalSection
EndGlobal
